
Microsoft Visual Studio Solution File, Format Version 12.00
# Visual Studio 14
VisualStudioVersion = 14.0.25420.1
MinimumVisualStudioVersion = 10.0.40219.1
Project("{FAE04EC0-301F-11D3-BF4B-00C04F79EFBC}") = "MVC7amBatch21Aug2021", "MVC7amBatch21Aug2021\MVC7amBatch21Aug2021.csproj", "{AC7ADD8F-C5B1-40AF-B6FA-B6F6D0F22840}"
EndProject
Project("{FAE04EC0-301F-11D3-BF4B-00C04F79EFBC}") = "ADODotnetExample", "ADODotnetExample\ADODotnetExample.csproj", "{831EA476-DCDF-423A-84C4-C860195B1C98}"
EndProject
Project("{FAE04EC0-301F-11D3-BF4B-00C04F79EFBC}") = "DatabasedApproach", "DatabasedApproach\DatabasedApproach.csproj", "{BC46BF64-E23A-4D27-8C82-01B306861053}"
EndProject
Project("{FAE04EC0-301F-11D3-BF4B-00C04F79EFBC}") = "CodeFirstApproach", "CodeFirstApproach\CodeFirstApproach.csproj", "{09742590-764C-4511-9815-82E290611C76}"
EndProject
Project("{FAE04EC0-301F-11D3-BF4B-00C04F79EFBC}") = "ModelFirstApproach", "ModelFirstApproach\ModelFirstApproach.csproj", "{ABE1CB73-FD8F-4860-A8BD-E4FC756BFA08}"
EndProject
Global
	GlobalSection(SolutionConfigurationPlatforms) = preSolution
		Debug|Any CPU = Debug|Any CPU
		Release|Any CPU = Release|Any CPU
	EndGlobalSection
	GlobalSection(ProjectConfigurationPlatforms) = postSolution
		{AC7ADD8F-C5B1-40AF-B6FA-B6F6D0F22840}.Debug|Any CPU.ActiveCfg = Debug|Any CPU
		{AC7ADD8F-C5B1-40AF-B6FA-B6F6D0F22840}.Debug|Any CPU.Build.0 = Debug|Any CPU
		{AC7ADD8F-C5B1-40AF-B6FA-B6F6D0F22840}.Release|Any CPU.ActiveCfg = Release|Any CPU
		{AC7ADD8F-C5B1-40AF-B6FA-B6F6D0F22840}.Release|Any CPU.Build.0 = Release|Any CPU
		{831EA476-DCDF-423A-84C4-C860195B1C98}.Debug|Any CPU.ActiveCfg = Debug|Any CPU
		{831EA476-DCDF-423A-84C4-C860195B1C98}.Debug|Any CPU.Build.0 = Debug|Any CPU
		{831EA476-DCDF-423A-84C4-C860195B1C98}.Release|Any CPU.ActiveCfg = Release|Any CPU
		{831EA476-DCDF-423A-84C4-C860195B1C98}.Release|Any CPU.Build.0 = Release|Any CPU
		{BC46BF64-E23A-4D27-8C82-01B306861053}.Debug|Any CPU.ActiveCfg = Debug|Any CPU
		{BC46BF64-E23A-4D27-8C82-01B306861053}.Debug|Any CPU.Build.0 = Debug|Any CPU
		{BC46BF64-E23A-4D27-8C82-01B306861053}.Release|Any CPU.ActiveCfg = Release|Any CPU
		{BC46BF64-E23A-4D27-8C82-01B306861053}.Release|Any CPU.Build.0 = Release|Any CPU
		{09742590-764C-4511-9815-82E290611C76}.Debug|Any CPU.ActiveCfg = Debug|Any CPU
		{09742590-764C-4511-9815-82E290611C76}.Debug|Any CPU.Build.0 = Debug|Any CPU
		{09742590-764C-4511-9815-82E290611C76}.Release|Any CPU.ActiveCfg = Release|Any CPU
		{09742590-764C-4511-9815-82E290611C76}.Release|Any CPU.Build.0 = Release|Any CPU
		{ABE1CB73-FD8F-4860-A8BD-E4FC756BFA08}.Debug|Any CPU.ActiveCfg = Debug|Any CPU
		{ABE1CB73-FD8F-4860-A8BD-E4FC756BFA08}.Debug|Any CPU.Build.0 = Debug|Any CPU
		{ABE1CB73-FD8F-4860-A8BD-E4FC756BFA08}.Release|Any CPU.ActiveCfg = Release|Any CPU
		{ABE1CB73-FD8F-4860-A8BD-E4FC756BFA08}.Release|Any CPU.Build.0 = Release|Any CPU
	EndGlobalSection
	GlobalSection(SolutionProperties) = preSolution
		HideSolutionNode = FALSE
	EndGlobalSection
EndGlobal
